
Microsoft Visual Studio Solution File, Format Version 12.00
# Visual Studio Version 17
VisualStudioVersion = 17.12.35707.178 d17.12
MinimumVisualStudioVersion = 10.0.40219.1
Project("{FAE04EC0-301F-11D3-BF4B-00C04F79EFBC}") = "cab_management", "cab_management.csproj", "{FC63A490-3B18-4627-8482-ABE98FACA333}"
EndProject
Global
	GlobalSection(SolutionConfigurationPlatforms) = preSolution
		Debug|Any CPU = Debug|Any CPU
		Release|Any CPU = Release|Any CPU
	EndGlobalSection
	GlobalSection(ProjectConfigurationPlatforms) = postSolution
		{FC63A490-3B18-4627-8482-ABE98FACA333}.Debug|Any CPU.ActiveCfg = Debug|Any CPU
		{FC63A490-3B18-4627-8482-ABE98FACA333}.Debug|Any CPU.Build.0 = Debug|Any CPU
		{FC63A490-3B18-4627-8482-ABE98FACA333}.Release|Any CPU.ActiveCfg = Release|Any CPU
		{FC63A490-3B18-4627-8482-ABE98FACA333}.Release|Any CPU.Build.0 = Release|Any CPU
	EndGlobalSection
	GlobalSection(SolutionProperties) = preSolution
		HideSolutionNode = FALSE
	EndGlobalSection
EndGlobal
